
Microsoft Visual Studio Solution File, Format Version 12.00
# Visual Studio Version 16
VisualStudioVersion = 16.0.29306.81
MinimumVisualStudioVersion = 10.0.40219.1
Project("{FAE04EC0-301F-11D3-BF4B-00C04F79EFBC}") = "MSPay", "MSPay\MSPay.csproj", "{71156BDB-FA6A-46E0-9133-DE35E0C09F5B}"
EndProject
Global
	GlobalSection(SolutionConfigurationPlatforms) = preSolution
		Debug|Any CPU = Debug|Any CPU
		Release|Any CPU = Release|Any CPU
	EndGlobalSection
	GlobalSection(ProjectConfigurationPlatforms) = postSolution
		{71156BDB-FA6A-46E0-9133-DE35E0C09F5B}.Debug|Any CPU.ActiveCfg = Debug|Any CPU
		{71156BDB-FA6A-46E0-9133-DE35E0C09F5B}.Debug|Any CPU.Build.0 = Debug|Any CPU
		{71156BDB-FA6A-46E0-9133-DE35E0C09F5B}.Release|Any CPU.ActiveCfg = Release|Any CPU
		{71156BDB-FA6A-46E0-9133-DE35E0C09F5B}.Release|Any CPU.Build.0 = Release|Any CPU
	EndGlobalSection
	GlobalSection(SolutionProperties) = preSolution
		HideSolutionNode = FALSE
	EndGlobalSection
	GlobalSection(ExtensibilityGlobals) = postSolution
		SolutionGuid = {B0A97250-46A3-4614-90CB-CA7D1511365A}
	EndGlobalSection
EndGlobal
