
Microsoft Visual Studio Solution File, Format Version 12.00
# Visual Studio Version 16
VisualStudioVersion = 16.0.29306.81
MinimumVisualStudioVersion = 10.0.40219.1
Project("{FAE04EC0-301F-11D3-BF4B-00C04F79EFBC}") = "MSGateway", "MSGateway\MSGateway.csproj", "{CDF86AF6-563B-4CC7-94A5-492DD69F489D}"
EndProject
Global
	GlobalSection(SolutionConfigurationPlatforms) = preSolution
		Debug|Any CPU = Debug|Any CPU
		Release|Any CPU = Release|Any CPU
	EndGlobalSection
	GlobalSection(ProjectConfigurationPlatforms) = postSolution
		{CDF86AF6-563B-4CC7-94A5-492DD69F489D}.Debug|Any CPU.ActiveCfg = Debug|Any CPU
		{CDF86AF6-563B-4CC7-94A5-492DD69F489D}.Debug|Any CPU.Build.0 = Debug|Any CPU
		{CDF86AF6-563B-4CC7-94A5-492DD69F489D}.Release|Any CPU.ActiveCfg = Release|Any CPU
		{CDF86AF6-563B-4CC7-94A5-492DD69F489D}.Release|Any CPU.Build.0 = Release|Any CPU
	EndGlobalSection
	GlobalSection(SolutionProperties) = preSolution
		HideSolutionNode = FALSE
	EndGlobalSection
	GlobalSection(ExtensibilityGlobals) = postSolution
		SolutionGuid = {7AE6EA98-07C8-414F-894C-8D61D9A1FAEA}
	EndGlobalSection
EndGlobal
