
Microsoft Visual Studio Solution File, Format Version 12.00
# Visual Studio Version 16
VisualStudioVersion = 16.0.29306.81
MinimumVisualStudioVersion = 10.0.40219.1
Project("{FAE04EC0-301F-11D3-BF4B-00C04F79EFBC}") = "MSGetData", "MSGetData\MSGetData.csproj", "{B0B775DE-C811-48F4-A87A-1D15354847F9}"
EndProject
Global
	GlobalSection(SolutionConfigurationPlatforms) = preSolution
		Debug|Any CPU = Debug|Any CPU
		Release|Any CPU = Release|Any CPU
	EndGlobalSection
	GlobalSection(ProjectConfigurationPlatforms) = postSolution
		{B0B775DE-C811-48F4-A87A-1D15354847F9}.Debug|Any CPU.ActiveCfg = Debug|Any CPU
		{B0B775DE-C811-48F4-A87A-1D15354847F9}.Debug|Any CPU.Build.0 = Debug|Any CPU
		{B0B775DE-C811-48F4-A87A-1D15354847F9}.Release|Any CPU.ActiveCfg = Release|Any CPU
		{B0B775DE-C811-48F4-A87A-1D15354847F9}.Release|Any CPU.Build.0 = Release|Any CPU
	EndGlobalSection
	GlobalSection(SolutionProperties) = preSolution
		HideSolutionNode = FALSE
	EndGlobalSection
	GlobalSection(ExtensibilityGlobals) = postSolution
		SolutionGuid = {CECD99D1-F74F-4BD0-B01C-F3243C1F2B34}
	EndGlobalSection
EndGlobal
